
Microsoft Visual Studio Solution File, Format Version 12.00
# Visual Studio 2012
Project("{FAE04EC0-301F-11D3-BF4B-00C04F79EFBC}") = "MorganKadiem_SoftLaunch", "MorganKadiem_SoftLaunch\MorganKadiem_SoftLaunch.csproj", "{DDB96455-6899-4A52-9FAD-F636E2FC8AF2}"
EndProject
Global
	GlobalSection(SolutionConfigurationPlatforms) = preSolution
		Debug|x86 = Debug|x86
		Release|x86 = Release|x86
	EndGlobalSection
	GlobalSection(ProjectConfigurationPlatforms) = postSolution
		{DDB96455-6899-4A52-9FAD-F636E2FC8AF2}.Debug|x86.ActiveCfg = Debug|x86
		{DDB96455-6899-4A52-9FAD-F636E2FC8AF2}.Debug|x86.Build.0 = Debug|x86
		{DDB96455-6899-4A52-9FAD-F636E2FC8AF2}.Release|x86.ActiveCfg = Release|x86
		{DDB96455-6899-4A52-9FAD-F636E2FC8AF2}.Release|x86.Build.0 = Release|x86
	EndGlobalSection
EndGlobal
